
Microsoft Visual Studio Solution File, Format Version 12.00
# Visual Studio Version 17
VisualStudioVersion = 17.7.34018.315
MinimumVisualStudioVersion = 10.0.40219.1
Project("{888888A0-9F3D-457C-B088-3A5042F75D52}") = "treasure_island", "treasure_island\treasure_island.pyproj", "{968F3700-F30A-4E0B-82A5-B3CBDC757215}"
EndProject
Global
	GlobalSection(SolutionConfigurationPlatforms) = preSolution
		Debug|Any CPU = Debug|Any CPU
		Release|Any CPU = Release|Any CPU
	EndGlobalSection
	GlobalSection(ProjectConfigurationPlatforms) = postSolution
		{968F3700-F30A-4E0B-82A5-B3CBDC757215}.Debug|Any CPU.ActiveCfg = Debug|Any CPU
		{968F3700-F30A-4E0B-82A5-B3CBDC757215}.Release|Any CPU.ActiveCfg = Release|Any CPU
	EndGlobalSection
	GlobalSection(SolutionProperties) = preSolution
		HideSolutionNode = FALSE
	EndGlobalSection
	GlobalSection(ExtensibilityGlobals) = postSolution
		SolutionGuid = {306B1588-0DB7-4A23-BAB2-DE5DB921EF39}
	EndGlobalSection
EndGlobal
